
Microsoft Visual Studio Solution File, Format Version 12.00
# Visual Studio Version 16
VisualStudioVersion = 16.0.31129.286
MinimumVisualStudioVersion = 10.0.40219.1
Project("{FAE04EC0-301F-11D3-BF4B-00C04F79EFBC}") = "ScreenRecord", "ScreenRecord\ScreenRecord.csproj", "{F699A68D-B26C-490F-85B8-F9B9DE2E04E5}"
EndProject
Global
	GlobalSection(SolutionConfigurationPlatforms) = preSolution
		Debug|Any CPU = Debug|Any CPU
		Release|Any CPU = Release|Any CPU
	EndGlobalSection
	GlobalSection(ProjectConfigurationPlatforms) = postSolution
		{F699A68D-B26C-490F-85B8-F9B9DE2E04E5}.Debug|Any CPU.ActiveCfg = Debug|Any CPU
		{F699A68D-B26C-490F-85B8-F9B9DE2E04E5}.Debug|Any CPU.Build.0 = Debug|Any CPU
		{F699A68D-B26C-490F-85B8-F9B9DE2E04E5}.Release|Any CPU.ActiveCfg = Release|Any CPU
		{F699A68D-B26C-490F-85B8-F9B9DE2E04E5}.Release|Any CPU.Build.0 = Release|Any CPU
	EndGlobalSection
	GlobalSection(SolutionProperties) = preSolution
		HideSolutionNode = FALSE
	EndGlobalSection
	GlobalSection(ExtensibilityGlobals) = postSolution
		SolutionGuid = {E612220E-7FC6-45FE-95EC-903D48CC8F16}
	EndGlobalSection
EndGlobal
